
Microsoft Visual Studio Solution File, Format Version 12.00
# Visual Studio Version 17
VisualStudioVersion = 17.3.32825.248
MinimumVisualStudioVersion = 10.0.40219.1
Project("{FAE04EC0-301F-11D3-BF4B-00C04F79EFBC}") = "Exec_Factorial", "Exec_Factorial\Exec_Factorial.csproj", "{68F16A27-0B3A-42BB-979B-B8192A4DA4C3}"
EndProject
Global
	GlobalSection(SolutionConfigurationPlatforms) = preSolution
		Debug|Any CPU = Debug|Any CPU
		Release|Any CPU = Release|Any CPU
	EndGlobalSection
	GlobalSection(ProjectConfigurationPlatforms) = postSolution
		{68F16A27-0B3A-42BB-979B-B8192A4DA4C3}.Debug|Any CPU.ActiveCfg = Debug|Any CPU
		{68F16A27-0B3A-42BB-979B-B8192A4DA4C3}.Debug|Any CPU.Build.0 = Debug|Any CPU
		{68F16A27-0B3A-42BB-979B-B8192A4DA4C3}.Release|Any CPU.ActiveCfg = Release|Any CPU
		{68F16A27-0B3A-42BB-979B-B8192A4DA4C3}.Release|Any CPU.Build.0 = Release|Any CPU
	EndGlobalSection
	GlobalSection(SolutionProperties) = preSolution
		HideSolutionNode = FALSE
	EndGlobalSection
	GlobalSection(ExtensibilityGlobals) = postSolution
		SolutionGuid = {7DA1186E-FE82-45D9-BD66-2117A6BF0446}
	EndGlobalSection
EndGlobal
